
Microsoft Visual Studio Solution File, Format Version 12.00
# Visual Studio Version 17
VisualStudioVersion = 17.5.33516.290
MinimumVisualStudioVersion = 10.0.40219.1
Project("{FAE04EC0-301F-11D3-BF4B-00C04F79EFBC}") = "DLWMS.WinForms", "DLWMS.WinForms\DLWMS.WinForms.csproj", "{178C96E8-E327-4BF7-85B8-DFE2603EA93A}"
EndProject
Global
	GlobalSection(SolutionConfigurationPlatforms) = preSolution
		Debug|Any CPU = Debug|Any CPU
		Release|Any CPU = Release|Any CPU
	EndGlobalSection
	GlobalSection(ProjectConfigurationPlatforms) = postSolution
		{178C96E8-E327-4BF7-85B8-DFE2603EA93A}.Debug|Any CPU.ActiveCfg = Debug|Any CPU
		{178C96E8-E327-4BF7-85B8-DFE2603EA93A}.Debug|Any CPU.Build.0 = Debug|Any CPU
		{178C96E8-E327-4BF7-85B8-DFE2603EA93A}.Release|Any CPU.ActiveCfg = Release|Any CPU
		{178C96E8-E327-4BF7-85B8-DFE2603EA93A}.Release|Any CPU.Build.0 = Release|Any CPU
	EndGlobalSection
	GlobalSection(SolutionProperties) = preSolution
		HideSolutionNode = FALSE
	EndGlobalSection
	GlobalSection(ExtensibilityGlobals) = postSolution
		SolutionGuid = {29A62147-3E02-4CBA-85D0-C87E3D3CBCA5}
	EndGlobalSection
EndGlobal
